
Microsoft Visual Studio Solution File, Format Version 12.00
# Visual Studio 15
VisualStudioVersion = 15.0.26124.0
MinimumVisualStudioVersion = 15.0.26124.0
Project("{FAE04EC0-301F-11D3-BF4B-00C04F79EFBC}") = "Domain", "Domain\Domain.csproj", "{83B22857-3D8B-426D-B4B5-AF0A2762E24C}"
EndProject
Project("{FAE04EC0-301F-11D3-BF4B-00C04F79EFBC}") = "Application", "Application\Application.csproj", "{37A172A3-CCDF-4BDD-BCA2-418BCED765B8}"
EndProject
Project("{FAE04EC0-301F-11D3-BF4B-00C04F79EFBC}") = "API", "API\API.csproj", "{B82DBE73-B1DF-416A-A8EE-209FC2AB6205}"
EndProject
Project("{FAE04EC0-301F-11D3-BF4B-00C04F79EFBC}") = "Persistence", "Persistence\Persistence.csproj", "{A8434E48-5A8A-45C8-B410-2525F23CD52A}"
EndProject
Global
	GlobalSection(SolutionConfigurationPlatforms) = preSolution
		Debug|Any CPU = Debug|Any CPU
		Debug|x64 = Debug|x64
		Debug|x86 = Debug|x86
		Release|Any CPU = Release|Any CPU
		Release|x64 = Release|x64
		Release|x86 = Release|x86
	EndGlobalSection
	GlobalSection(SolutionProperties) = preSolution
		HideSolutionNode = FALSE
	EndGlobalSection
	GlobalSection(ProjectConfigurationPlatforms) = postSolution
		{83B22857-3D8B-426D-B4B5-AF0A2762E24C}.Debug|Any CPU.ActiveCfg = Debug|Any CPU
		{83B22857-3D8B-426D-B4B5-AF0A2762E24C}.Debug|Any CPU.Build.0 = Debug|Any CPU
		{83B22857-3D8B-426D-B4B5-AF0A2762E24C}.Debug|x64.ActiveCfg = Debug|Any CPU
		{83B22857-3D8B-426D-B4B5-AF0A2762E24C}.Debug|x64.Build.0 = Debug|Any CPU
		{83B22857-3D8B-426D-B4B5-AF0A2762E24C}.Debug|x86.ActiveCfg = Debug|Any CPU
		{83B22857-3D8B-426D-B4B5-AF0A2762E24C}.Debug|x86.Build.0 = Debug|Any CPU
		{83B22857-3D8B-426D-B4B5-AF0A2762E24C}.Release|Any CPU.ActiveCfg = Release|Any CPU
		{83B22857-3D8B-426D-B4B5-AF0A2762E24C}.Release|Any CPU.Build.0 = Release|Any CPU
		{83B22857-3D8B-426D-B4B5-AF0A2762E24C}.Release|x64.ActiveCfg = Release|Any CPU
		{83B22857-3D8B-426D-B4B5-AF0A2762E24C}.Release|x64.Build.0 = Release|Any CPU
		{83B22857-3D8B-426D-B4B5-AF0A2762E24C}.Release|x86.ActiveCfg = Release|Any CPU
		{83B22857-3D8B-426D-B4B5-AF0A2762E24C}.Release|x86.Build.0 = Release|Any CPU
		{37A172A3-CCDF-4BDD-BCA2-418BCED765B8}.Debug|Any CPU.ActiveCfg = Debug|Any CPU
		{37A172A3-CCDF-4BDD-BCA2-418BCED765B8}.Debug|Any CPU.Build.0 = Debug|Any CPU
		{37A172A3-CCDF-4BDD-BCA2-418BCED765B8}.Debug|x64.ActiveCfg = Debug|Any CPU
		{37A172A3-CCDF-4BDD-BCA2-418BCED765B8}.Debug|x64.Build.0 = Debug|Any CPU
		{37A172A3-CCDF-4BDD-BCA2-418BCED765B8}.Debug|x86.ActiveCfg = Debug|Any CPU
		{37A172A3-CCDF-4BDD-BCA2-418BCED765B8}.Debug|x86.Build.0 = Debug|Any CPU
		{37A172A3-CCDF-4BDD-BCA2-418BCED765B8}.Release|Any CPU.ActiveCfg = Release|Any CPU
		{37A172A3-CCDF-4BDD-BCA2-418BCED765B8}.Release|Any CPU.Build.0 = Release|Any CPU
		{37A172A3-CCDF-4BDD-BCA2-418BCED765B8}.Release|x64.ActiveCfg = Release|Any CPU
		{37A172A3-CCDF-4BDD-BCA2-418BCED765B8}.Release|x64.Build.0 = Release|Any CPU
		{37A172A3-CCDF-4BDD-BCA2-418BCED765B8}.Release|x86.ActiveCfg = Release|Any CPU
		{37A172A3-CCDF-4BDD-BCA2-418BCED765B8}.Release|x86.Build.0 = Release|Any CPU
		{B82DBE73-B1DF-416A-A8EE-209FC2AB6205}.Debug|Any CPU.ActiveCfg = Debug|Any CPU
		{B82DBE73-B1DF-416A-A8EE-209FC2AB6205}.Debug|Any CPU.Build.0 = Debug|Any CPU
		{B82DBE73-B1DF-416A-A8EE-209FC2AB6205}.Debug|x64.ActiveCfg = Debug|Any CPU
		{B82DBE73-B1DF-416A-A8EE-209FC2AB6205}.Debug|x64.Build.0 = Debug|Any CPU
		{B82DBE73-B1DF-416A-A8EE-209FC2AB6205}.Debug|x86.ActiveCfg = Debug|Any CPU
		{B82DBE73-B1DF-416A-A8EE-209FC2AB6205}.Debug|x86.Build.0 = Debug|Any CPU
		{B82DBE73-B1DF-416A-A8EE-209FC2AB6205}.Release|Any CPU.ActiveCfg = Release|Any CPU
		{B82DBE73-B1DF-416A-A8EE-209FC2AB6205}.Release|Any CPU.Build.0 = Release|Any CPU
		{B82DBE73-B1DF-416A-A8EE-209FC2AB6205}.Release|x64.ActiveCfg = Release|Any CPU
		{B82DBE73-B1DF-416A-A8EE-209FC2AB6205}.Release|x64.Build.0 = Release|Any CPU
		{B82DBE73-B1DF-416A-A8EE-209FC2AB6205}.Release|x86.ActiveCfg = Release|Any CPU
		{B82DBE73-B1DF-416A-A8EE-209FC2AB6205}.Release|x86.Build.0 = Release|Any CPU
		{A8434E48-5A8A-45C8-B410-2525F23CD52A}.Debug|Any CPU.ActiveCfg = Debug|Any CPU
		{A8434E48-5A8A-45C8-B410-2525F23CD52A}.Debug|Any CPU.Build.0 = Debug|Any CPU
		{A8434E48-5A8A-45C8-B410-2525F23CD52A}.Debug|x64.ActiveCfg = Debug|Any CPU
		{A8434E48-5A8A-45C8-B410-2525F23CD52A}.Debug|x64.Build.0 = Debug|Any CPU
		{A8434E48-5A8A-45C8-B410-2525F23CD52A}.Debug|x86.ActiveCfg = Debug|Any CPU
		{A8434E48-5A8A-45C8-B410-2525F23CD52A}.Debug|x86.Build.0 = Debug|Any CPU
		{A8434E48-5A8A-45C8-B410-2525F23CD52A}.Release|Any CPU.ActiveCfg = Release|Any CPU
		{A8434E48-5A8A-45C8-B410-2525F23CD52A}.Release|Any CPU.Build.0 = Release|Any CPU
		{A8434E48-5A8A-45C8-B410-2525F23CD52A}.Release|x64.ActiveCfg = Release|Any CPU
		{A8434E48-5A8A-45C8-B410-2525F23CD52A}.Release|x64.Build.0 = Release|Any CPU
		{A8434E48-5A8A-45C8-B410-2525F23CD52A}.Release|x86.ActiveCfg = Release|Any CPU
		{A8434E48-5A8A-45C8-B410-2525F23CD52A}.Release|x86.Build.0 = Release|Any CPU
	EndGlobalSection
EndGlobal
